
Microsoft Visual Studio Solution File, Format Version 12.00
# Visual Studio Version 16
VisualStudioVersion = 16.0.31515.178
MinimumVisualStudioVersion = 10.0.40219.1
Project("{FAE04EC0-301F-11D3-BF4B-00C04F79EFBC}") = "LeonardoLimaPontes", "LeonardoLimaPontes\LeonardoLimaPontes.csproj", "{512F9EDE-CF99-40F1-A133-00C111E15DCA}"
EndProject
Global
	GlobalSection(SolutionConfigurationPlatforms) = preSolution
		Debug|Any CPU = Debug|Any CPU
		Release|Any CPU = Release|Any CPU
	EndGlobalSection
	GlobalSection(ProjectConfigurationPlatforms) = postSolution
		{512F9EDE-CF99-40F1-A133-00C111E15DCA}.Debug|Any CPU.ActiveCfg = Debug|Any CPU
		{512F9EDE-CF99-40F1-A133-00C111E15DCA}.Debug|Any CPU.Build.0 = Debug|Any CPU
		{512F9EDE-CF99-40F1-A133-00C111E15DCA}.Release|Any CPU.ActiveCfg = Release|Any CPU
		{512F9EDE-CF99-40F1-A133-00C111E15DCA}.Release|Any CPU.Build.0 = Release|Any CPU
	EndGlobalSection
	GlobalSection(SolutionProperties) = preSolution
		HideSolutionNode = FALSE
	EndGlobalSection
	GlobalSection(ExtensibilityGlobals) = postSolution
		SolutionGuid = {B9128371-4F20-4B36-B292-DA151DD917C2}
	EndGlobalSection
EndGlobal
